
Microsoft Visual Studio Solution File, Format Version 12.00
# Visual Studio Version 17
VisualStudioVersion = 17.0.31710.8
MinimumVisualStudioVersion = 10.0.40219.1
Project("{FAE04EC0-301F-11D3-BF4B-00C04F79EFBC}") = "DefaultApp", "DefaultApp.csproj", "{3C5BFE9F-CF49-4D76-AEA3-77D7E6CD37A0}"
EndProject
Global
	GlobalSection(SolutionConfigurationPlatforms) = preSolution
		Debug|Any CPU = Debug|Any CPU
		Release|Any CPU = Release|Any CPU
	EndGlobalSection
	GlobalSection(ProjectConfigurationPlatforms) = postSolution
		{3C5BFE9F-CF49-4D76-AEA3-77D7E6CD37A0}.Debug|Any CPU.ActiveCfg = Debug|Any CPU
		{3C5BFE9F-CF49-4D76-AEA3-77D7E6CD37A0}.Debug|Any CPU.Build.0 = Debug|Any CPU
		{3C5BFE9F-CF49-4D76-AEA3-77D7E6CD37A0}.Release|Any CPU.ActiveCfg = Release|Any CPU
		{3C5BFE9F-CF49-4D76-AEA3-77D7E6CD37A0}.Release|Any CPU.Build.0 = Release|Any CPU
	EndGlobalSection
	GlobalSection(SolutionProperties) = preSolution
		HideSolutionNode = FALSE
	EndGlobalSection
	GlobalSection(ExtensibilityGlobals) = postSolution
		SolutionGuid = {E5EB8EEC-FDC7-4CDC-8FEE-2B62C12480CF}
	EndGlobalSection
EndGlobal
